
Microsoft Visual Studio Solution File, Format Version 12.00
# Visual Studio 15
VisualStudioVersion = 15.0.26730.8
MinimumVisualStudioVersion = 10.0.40219.1
Project("{FAE04EC0-301F-11D3-BF4B-00C04F79EFBC}") = "ContosoUniversity", "ContosoUniversity\ContosoUniversity.csproj", "{8954C139-8311-44B0-B90C-C579C0C7B958}"
EndProject
Project("{FAE04EC0-301F-11D3-BF4B-00C04F79EFBC}") = "ContosoUniversity.Tests", "ContosoUniversity.Tests\ContosoUniversity.Tests.csproj", "{22B23A4B-445E-4749-ACEB-CAEC5E00C251}"
EndProject
Global
	GlobalSection(SolutionConfigurationPlatforms) = preSolution
		Debug|Any CPU = Debug|Any CPU
		Release|Any CPU = Release|Any CPU
	EndGlobalSection
	GlobalSection(ProjectConfigurationPlatforms) = postSolution
		{8954C139-8311-44B0-B90C-C579C0C7B958}.Debug|Any CPU.ActiveCfg = Debug|Any CPU
		{8954C139-8311-44B0-B90C-C579C0C7B958}.Debug|Any CPU.Build.0 = Debug|Any CPU
		{8954C139-8311-44B0-B90C-C579C0C7B958}.Release|Any CPU.ActiveCfg = Release|Any CPU
		{8954C139-8311-44B0-B90C-C579C0C7B958}.Release|Any CPU.Build.0 = Release|Any CPU
		{22B23A4B-445E-4749-ACEB-CAEC5E00C251}.Debug|Any CPU.ActiveCfg = Debug|Any CPU
		{22B23A4B-445E-4749-ACEB-CAEC5E00C251}.Debug|Any CPU.Build.0 = Debug|Any CPU
		{22B23A4B-445E-4749-ACEB-CAEC5E00C251}.Release|Any CPU.ActiveCfg = Release|Any CPU
		{22B23A4B-445E-4749-ACEB-CAEC5E00C251}.Release|Any CPU.Build.0 = Release|Any CPU
	EndGlobalSection
	GlobalSection(SolutionProperties) = preSolution
		HideSolutionNode = FALSE
	EndGlobalSection
	GlobalSection(ExtensibilityGlobals) = postSolution
		SolutionGuid = {D3DFB50F-7692-4B0B-9697-F18B38EF84AD}
	EndGlobalSection
EndGlobal
